// !$*UTF8*$!
{
	archiveVersion = 1;
	classes = {
	};
	objectVersion = 46;
	objects = {

/* Begin PBXBuildFile section */
		39D0316E19AB10E600C48260 /* AppDelegate.swift in Sources */ = {isa = PBXBuildFile; fileRef = 39D0316D19AB10E600C48260 /* AppDelegate.swift */; };
		39D0317019AB10E600C48260 /* ViewController.swift in Sources */ = {isa = PBXBuildFile; fileRef = 39D0316F19AB10E600C48260 /* ViewController.swift */; };
		39D0317319AB10E600C48260 /* Main.storyboard in Resources */ = {isa = PBXBuildFile; fileRef = 39D0317119AB10E600C48260 /* Main.storyboard */; };
		39D0317519AB10E600C48260 /* Images.xcassets in Resources */ = {isa = PBXBuildFile; fileRef = 39D0317419AB10E600C48260 /* Images.xcassets */; };
		39D0318119AB10E600C48260 /* CalendarTests.swift in Sources */ = {isa = PBXBuildFile; fileRef = 39D0318019AB10E600C48260 /* CalendarTests.swift */; };
/* End PBXBuildFile section */

/* Begin PBXContainerItemProxy section */
		39D0317B19AB10E600C48260 /* PBXContainerItemProxy */ = {
			isa = PBXContainerItemProxy;
			containerPortal = 39D0316019AB10E600C48260 /* Project object */;
			proxyType = 1;
			remoteGlobalIDString = 39D0316719AB10E600C48260;
			remoteInfo = Calendar;
		};
/* End PBXContainerItemProxy section */

/* Begin PBXFileReference section */
		39D0316819AB10E600C48260 /* Calendar.app */ = {isa = PBXFileReference; explicitFileType = wrapper.application; includeInIndex = 0; path = Calendar.app; sourceTree = BUILT_PRODUCTS_DIR; };
		39D0316C19AB10E600C48260 /* Info.plist */ = {isa = PBXFileReference; lastKnownFileType = text.plist.xml; path = Info.plist; sourceTree = "<group>"; };
		39D0316D19AB10E600C48260 /* AppDelegate.swift */ = {isa = PBXFileReference; lastKnownFileType = sourcecode.swift; path = AppDelegate.swift; sourceTree = "<group>"; };
		39D0316F19AB10E600C48260 /* ViewController.swift */ = {isa = PBXFileReference; lastKnownFileType = sourcecode.swift; path = ViewController.swift; sourceTree = "<group>"; };
		39D0317219AB10E600C48260 /* Base */ = {isa = PBXFileReference; lastKnownFileType = file.storyboard; name = Base; path = Base.lproj/Main.storyboard; sourceTree = "<group>"; };
		39D0317419AB10E600C48260 /* Images.xcassets */ = {isa = PBXFileReference; lastKnownFileType = folder.assetcatalog; path = Images.xcassets; sourceTree = "<group>"; };
		39D0317A19AB10E600C48260 /* CalendarTests.xctest */ = {isa = PBXFileReference; explicitFileType = wrapper.cfbundle; includeInIndex = 0; path = CalendarTests.xctest; sourceTree = BUILT_PRODUCTS_DIR; };
		39D0317F19AB10E600C48260 /* Info.plist */ = {isa = PBXFileReference; lastKnownFileType = text.plist.xml; path = Info.plist; sourceTree = "<group>"; };
		39D0318019AB10E600C48260 /* CalendarTests.swift */ = {isa = PBXFileReference; lastKnownFileType = sourcecode.swift; path = CalendarTests.swift; sourceTree = "<group>"; };
/* End PBXFileReference section */

/* Begin PBXFrameworksBuildPhase section */
		39D0316519AB10E600C48260 /* Frameworks */ = {
			isa = PBXFrameworksBuildPhase;
			buildActionMask = 2147483647;
			files = (
			);
			runOnlyForDeploymentPostprocessing = 0;
		};
		39D0317719AB10E600C48260 /* Frameworks */ = {
			isa = PBXFrameworksBuildPhase;
			buildActionMask = 2147483647;
			files = (
			);
			runOnlyForDeploymentPostprocessing = 0;
		};
/* End PBXFrameworksBuildPhase section */

/* Begin PBXGroup section */
		39D0315F19AB10E600C48260 = {
			isa = PBXGroup;
			children = (
				39D0316A19AB10E600C48260 /* Calendar */,
				39D0317D19AB10E600C48260 /* CalendarTests */,
				39D0316919AB10E600C48260 /* Products */,
			);
			sourceTree = "<group>";
		};
		39D0316919AB10E600C48260 /* Products */ = {
			isa = PBXGroup;
			children = (
				39D0316819AB10E600C48260 /* Calendar.app */,
				39D0317A19AB10E600C48260 /* CalendarTests.xctest */,
			);
			name = Products;
			sourceTree = "<group>";
		};
		39D0316A19AB10E600C48260 /* Calendar */ = {
			isa = PBXGroup;
			children = (
				39D0316D19AB10E600C48260 /* AppDelegate.swift */,
				39D0316F19AB10E600C48260 /* ViewController.swift */,
				39D0317119AB10E600C48260 /* Main.storyboard */,
				39D0317419AB10E600C48260 /* Images.xcassets */,
				39D0316B19AB10E600C48260 /* Supporting Files */,
			);
			path = Calendar;
			sourceTree = "<group>";
		};
		39D0316B19AB10E600C48260 /* Supporting Files */ = {
			isa = PBXGroup;
			children = (
				39D0316C19AB10E600C48260 /* Info.plist */,
			);
			name = "Supporting Files";
			sourceTree = "<group>";
		};
		39D0317D19AB10E600C48260 /* CalendarTests */ = {
			isa = PBXGroup;
			children = (
				39D0318019AB10E600C48260 /* CalendarTests.swift */,
				39D0317E19AB10E600C48260 /* Supporting Files */,
			);
			path = CalendarTests;
			sourceTree = "<group>";
		};
		39D0317E19AB10E600C48260 /* Supporting Files */ = {
			isa = PBXGroup;
			children = (
				39D0317F19AB10E600C48260 /* Info.plist */,
			);
			name = "Supporting Files";
			sourceTree = "<group>";
		};
/* End PBXGroup section */

/* Begin PBXNativeTarget section */
		39D0316719AB10E600C48260 /* Calendar */ = {
			isa = PBXNativeTarget;
			buildConfigurationList = 39D0318419AB10E600C48260 /* Build configuration list for PBXNativeTarget "Calendar" */;
			buildPhases = (
				39D0316419AB10E600C48260 /* Sources */,
				39D0316519AB10E600C48260 /* Frameworks */,
				39D0316619AB10E600C48260 /* Resources */,
			);
			buildRules = (
			);
			dependencies = (
			);
			name = Calendar;
			productName = Calendar;
			productReference = 39D0316819AB10E600C48260 /* Calendar.app */;
			productType = "com.apple.product-type.application";
		};
		39D0317919AB10E600C48260 /* CalendarTests */ = {
			isa = PBXNativeTarget;
			buildConfigurationList = 39D0318719AB10E600C48260 /* Build configuration list for PBXNativeTarget "CalendarTests" */;
			buildPhases = (
				39D0317619AB10E600C48260 /* Sources */,
				39D0317719AB10E600C48260 /* Frameworks */,
				39D0317819AB10E600C48260 /* Resources */,
			);
			buildRules = (
			);
			dependencies = (
				39D0317C19AB10E600C48260 /* PBXTargetDependency */,
			);
			name = CalendarTests;
			productName = CalendarTests;
			productReference = 39D0317A19AB10E600C48260 /* CalendarTests.xctest */;
			productType = "com.apple.product-type.bundle.unit-test";
		};
/* End PBXNativeTarget section */

/* Begin PBXProject section */
		39D0316019AB10E600C48260 /* Project object */ = {
			isa = PBXProject;
			attributes = {
				LastUpgradeCheck = 0600;
				ORGANIZATIONNAME = codepath;
				TargetAttributes = {
					39D0316719AB10E600C48260 = {
						CreatedOnToolsVersion = 6.0;
					};
					39D0317919AB10E600C48260 = {
						CreatedOnToolsVersion = 6.0;
						TestTargetID = 39D0316719AB10E600C48260;
					};
				};
			};
			buildConfigurationList = 39D0316319AB10E600C48260 /* Build configuration list for PBXProject "Calendar" */;
			compatibilityVersion = "Xcode 3.2";
			developmentRegion = English;
			hasScannedForEncodings = 0;
			knownRegions = (
				en,
				Base,
			);
			mainGroup = 39D0315F19AB10E600C48260;
			productRefGroup = 39D0316919AB10E600C48260 /* Products */;
			projectDirPath = "";
			projectRoot = "";
			targets = (
				39D0316719AB10E600C48260 /* Calendar */,
				39D0317919AB10E600C48260 /* CalendarTests */,
			);
		};
/* End PBXProject section */

/* Begin PBXResourcesBuildPhase section */
		39D0316619AB10E600C48260 /* Resources */ = {
			isa = PBXResourcesBuildPhase;
			buildActionMask = 2147483647;
			files = (
				39D0317319AB10E600C48260 /* Main.storyboard in Resources */,
				39D0317519AB10E600C48260 /* Images.xcassets in Resources */,
			);
			runOnlyForDeploymentPostprocessing = 0;
		};
		39D0317819AB10E600C48260 /* Resources */ = {
			isa = PBXResourcesBuildPhase;
			buildActionMask = 2147483647;
			files = (
			);
			runOnlyForDeploymentPostprocessing = 0;
		};
/* End PBXResourcesBuildPhase section */

/* Begin PBXSourcesBuildPhase section */
		39D0316419AB10E600C48260 /* Sources */ = {
			isa = PBXSourcesBuildPhase;
			buildActionMask = 2147483647;
			files = (
				39D0317019AB10E600C48260 /* ViewController.swift in Sources */,
				39D0316E19AB10E600C48260 /* AppDelegate.swift in Sources */,
			);
			runOnlyForDeploymentPostprocessing = 0;
		};
		39D0317619AB10E600C48260 /* Sources */ = {
			isa = PBXSourcesBuildPhase;
			buildActionMask = 2147483647;
			files = (
				39D0318119AB10E600C48260 /* CalendarTests.swift in Sources */,
			);
			runOnlyForDeploymentPostprocessing = 0;
		};
/* End PBXSourcesBuildPhase section */

/* Begin PBXTargetDependency section */
		39D0317C19AB10E600C48260 /* PBXTargetDependency */ = {
			isa = PBXTargetDependency;
			target = 39D0316719AB10E600C48260 /* Calendar */;
			targetProxy = 39D0317B19AB10E600C48260 /* PBXContainerItemProxy */;
		};
/* End PBXTargetDependency section */

/* Begin PBXVariantGroup section */
		39D0317119AB10E600C48260 /* Main.storyboard */ = {
			isa = PBXVariantGroup;
			children = (
				39D0317219AB10E600C48260 /* Base */,
			);
			name = Main.storyboard;
			sourceTree = "<group>";
		};
/* End PBXVariantGroup section */

/* Begin XCBuildConfiguration section */
		39D0318219AB10E600C48260 /* Debug */ = {
			isa = XCBuildConfiguration;
			buildSettings = {
				ALWAYS_SEARCH_USER_PATHS = NO;
				CLANG_CXX_LANGUAGE_STANDARD = "gnu++0x";
				CLANG_CXX_LIBRARY = "libc++";
				CLANG_ENABLE_MODULES = YES;
				CLANG_ENABLE_OBJC_ARC = YES;
				CLANG_WARN_BOOL_CONVERSION = YES;
				CLANG_WARN_CONSTANT_CONVERSION = YES;
				CLANG_WARN_DIRECT_OBJC_ISA_USAGE = YES_ERROR;
				CLANG_WARN_EMPTY_BODY = YES;
				CLANG_WARN_ENUM_CONVERSION = YES;
				CLANG_WARN_INT_CONVERSION = YES;
				CLANG_WARN_OBJC_ROOT_CLASS = YES_ERROR;
				CLANG_WARN_UNREACHABLE_CODE = YES;
				CLANG_WARN__DUPLICATE_METHOD_MATCH = YES;
				"CODE_SIGN_IDENTITY[sdk=iphoneos*]" = "iPhone Developer";
				COPY_PHASE_STRIP = NO;
				ENABLE_STRICT_OBJC_MSGSEND = YES;
				GCC_C_LANGUAGE_STANDARD = gnu99;
				GCC_DYNAMIC_NO_PIC = NO;
				GCC_OPTIMIZATION_LEVEL = 0;
				GCC_PREPROCESSOR_DEFINITIONS = (
					"DEBUG=1",
					"$(inherited)",
				);
				GCC_SYMBOLS_PRIVATE_EXTERN = NO;
				GCC_WARN_64_TO_32_BIT_CONVERSION = YES;
				GCC_WARN_ABOUT_RETURN_TYPE = YES_ERROR;
				GCC_WARN_UNDECLARED_SELECTOR = YES;
				GCC_WARN_UNINITIALIZED_AUTOS = YES_AGGRESSIVE;
				GCC_WARN_UNUSED_FUNCTION = YES;
				GCC_WARN_UNUSED_VARIABLE = YES;
				IPHONEOS_DEPLOYMENT_TARGET = 8.0;
				MTL_ENABLE_DEBUG_INFO = YES;
				ONLY_ACTIVE_ARCH = YES;
				SDKROOT = iphoneos;
				SWIFT_OPTIMIZATION_LEVEL = "-Onone";
			};
			name = Debug;
		};
		39D0318319AB10E600C48260 /* Release */ = {
			isa = XCBuildConfiguration;
			buildSettings = {
				ALWAYS_SEARCH_USER_PATHS = NO;
				CLANG_CXX_LANGUAGE_STANDARD = "gnu++0x";
				CLANG_CXX_LIBRARY = "libc++";
				CLANG_ENABLE_MODULES = YES;
				CLANG_ENABLE_OBJC_ARC = YES;
				CLANG_WARN_BOOL_CONVERSION = YES;
				CLANG_WARN_CONSTANT_CONVERSION = YES;
				CLANG_WARN_DIRECT_OBJC_ISA_USAGE = YES_ERROR;
				CLANG_WARN_EMPTY_BODY = YES;
				CLANG_WARN_ENUM_CONVERSION = YES;
				CLANG_WARN_INT_CONVERSION = YES;
				CLANG_WARN_OBJC_ROOT_CLASS = YES_ERROR;
				CLANG_WARN_UNREACHABLE_CODE = YES;
				CLANG_WARN__DUPLICATE_METHOD_MATCH = YES;
				"CODE_SIGN_IDENTITY[sdk=iphoneos*]" = "iPhone Developer";
				COPY_PHASE_STRIP = YES;
				ENABLE_NS_ASSERTIONS = NO;
				ENABLE_STRICT_OBJC_MSGSEND = YES;
				GCC_C_LANGUAGE_STANDARD = gnu99;
				GCC_WARN_64_TO_32_BIT_CONVERSION = YES;
				GCC_WARN_ABOUT_RETURN_TYPE = YES_ERROR;
				GCC_WARN_UNDECLARED_SELECTOR = YES;
				GCC_WARN_UNINITIALIZED_AUTOS = YES_AGGRESSIVE;
				GCC_WARN_UNUSED_FUNCTION = YES;
				GCC_WARN_UNUSED_VARIABLE = YES;
				IPHONEOS_DEPLOYMENT_TARGET = 8.0;
				MTL_ENABLE_DEBUG_INFO = NO;
				SDKROOT = iphoneos;
				VALIDATE_PRODUCT = YES;
			};
			name = Release;
		};
		39D0318519AB10E600C48260 /* Debug */ = {
			isa = XCBuildConfiguration;
			buildSettings = {
				ASSETCATALOG_COMPILER_APPICON_NAME = AppIcon;
				ASSETCATALOG_COMPILER_LAUNCHIMAGE_NAME = LaunchImage;
				INFOPLIST_FILE = Calendar/Info.plist;
				LD_RUNPATH_SEARCH_PATHS = "$(inherited) @executable_path/Frameworks";
				PRODUCT_NAME = "$(TARGET_NAME)";
			};
			name = Debug;
		};
		39D0318619AB10E600C48260 /* Release */ = {
			isa = XCBuildConfiguration;
			buildSettings = {
				ASSETCATALOG_COMPILER_APPICON_NAME = AppIcon;
				ASSETCATALOG_COMPILER_LAUNCHIMAGE_NAME = LaunchImage;
				INFOPLIST_FILE = Calendar/Info.plist;
				LD_RUNPATH_SEARCH_PATHS = "$(inherited) @executable_path/Frameworks";
				PRODUCT_NAME = "$(TARGET_NAME)";
			};
			name = Release;
		};
		39D0318819AB10E600C48260 /* Debug */ = {
			isa = XCBuildConfiguration;
			buildSettings = {
				BUNDLE_LOADER = "$(TEST_HOST)";
				FRAMEWORK_SEARCH_PATHS = (
					"$(SDKROOT)/Developer/Library/Frameworks",
					"$(inherited)",
				);
				GCC_PREPROCESSOR_DEFINITIONS = (
					"DEBUG=1",
					"$(inherited)",
				);
				INFOPLIST_FILE = CalendarTests/Info.plist;
				LD_RUNPATH_SEARCH_PATHS = "$(inherited) @executable_path/Frameworks @loader_path/Frameworks";
				PRODUCT_NAME = "$(TARGET_NAME)";
				TEST_HOST = "$(BUILT_PRODUCTS_DIR)/Calendar.app/Calendar";
			};
			name = Debug;
		};
		39D0318919AB10E600C48260 /* Release */ = {
			isa = XCBuildConfiguration;
			buildSettings = {
				BUNDLE_LOADER = "$(TEST_HOST)";
				FRAMEWORK_SEARCH_PATHS = (
					"$(SDKROOT)/Developer/Library/Frameworks",
					"$(inherited)",
				);
				INFOPLIST_FILE = CalendarTests/Info.plist;
				LD_RUNPATH_SEARCH_PATHS = "$(inherited) @executable_path/Frameworks @loader_path/Frameworks";
				PRODUCT_NAME = "$(TARGET_NAME)";
				TEST_HOST = "$(BUILT_PRODUCTS_DIR)/Calendar.app/Calendar";
			};
			name = Release;
		};
/* End XCBuildConfiguration section */

/* Begin XCConfigurationList section */
		39D0316319AB10E600C48260 /* Build configuration list for PBXProject "Calendar" */ = {
			isa = XCConfigurationList;
			buildConfigurations = (
				39D0318219AB10E600C48260 /* Debug */,
				39D0318319AB10E600C48260 /* Release */,
			);
			defaultConfigurationIsVisible = 0;
			defaultConfigurationName = Release;
		};
		39D0318419AB10E600C48260 /* Build configuration list for PBXNativeTarget "Calendar" */ = {
			isa = XCConfigurationList;
			buildConfigurations = (
				39D0318519AB10E600C48260 /* Debug */,
				39D0318619AB10E600C48260 /* Release */,
			);
			defaultConfigurationIsVisible = 0;
		};
		39D0318719AB10E600C48260 /* Build configuration list for PBXNativeTarget "CalendarTests" */ = {
			isa = XCConfigurationList;
			buildConfigurations = (
				39D0318819AB10E600C48260 /* Debug */,
				39D0318919AB10E600C48260 /* Release */,
			);
			defaultConfigurationIsVisible = 0;
		};
/* End XCConfigurationList section */
	};
	rootObject = 39D0316019AB10E600C48260 /* Project object */;
}
