// !$*UTF8*$!
{
	archiveVersion = 1;
	classes = {
	};
	objectVersion = 46;
	objects = {

/* Begin PBXBuildFile section */
		397F224919A2B06000BFFEF7 /* AppDelegate.swift in Sources */ = {isa = PBXBuildFile; fileRef = 397F224819A2B06000BFFEF7 /* AppDelegate.swift */; };
		397F224B19A2B06000BFFEF7 /* ViewController.swift in Sources */ = {isa = PBXBuildFile; fileRef = 397F224A19A2B06000BFFEF7 /* ViewController.swift */; };
		397F224E19A2B06000BFFEF7 /* Main.storyboard in Resources */ = {isa = PBXBuildFile; fileRef = 397F224C19A2B06000BFFEF7 /* Main.storyboard */; };
		397F225019A2B06000BFFEF7 /* Images.xcassets in Resources */ = {isa = PBXBuildFile; fileRef = 397F224F19A2B06000BFFEF7 /* Images.xcassets */; };
		397F225C19A2B06000BFFEF7 /* calendarTests.swift in Sources */ = {isa = PBXBuildFile; fileRef = 397F225B19A2B06000BFFEF7 /* calendarTests.swift */; };
		397F226719A2B1BC00BFFEF7 /* MonthViewController.swift in Sources */ = {isa = PBXBuildFile; fileRef = 397F226619A2B1BC00BFFEF7 /* MonthViewController.swift */; };
		397F226919A2B2D500BFFEF7 /* calendarsViewController.swift in Sources */ = {isa = PBXBuildFile; fileRef = 397F226819A2B2D500BFFEF7 /* calendarsViewController.swift */; };
		397F226B19A2B58400BFFEF7 /* addEventViewController.swift in Sources */ = {isa = PBXBuildFile; fileRef = 397F226A19A2B58400BFFEF7 /* addEventViewController.swift */; };
		397F226D19A2B62900BFFEF7 /* pickDayViewController.swift in Sources */ = {isa = PBXBuildFile; fileRef = 397F226C19A2B62900BFFEF7 /* pickDayViewController.swift */; };
		397F226F19A2B69800BFFEF7 /* TimeViewController.swift in Sources */ = {isa = PBXBuildFile; fileRef = 397F226E19A2B69800BFFEF7 /* TimeViewController.swift */; };
/* End PBXBuildFile section */

/* Begin PBXContainerItemProxy section */
		397F225619A2B06000BFFEF7 /* PBXContainerItemProxy */ = {
			isa = PBXContainerItemProxy;
			containerPortal = 397F223B19A2B06000BFFEF7 /* Project object */;
			proxyType = 1;
			remoteGlobalIDString = 397F224219A2B06000BFFEF7;
			remoteInfo = calendar;
		};
/* End PBXContainerItemProxy section */

/* Begin PBXFileReference section */
		397F224319A2B06000BFFEF7 /* calendar.app */ = {isa = PBXFileReference; explicitFileType = wrapper.application; includeInIndex = 0; path = calendar.app; sourceTree = BUILT_PRODUCTS_DIR; };
		397F224719A2B06000BFFEF7 /* Info.plist */ = {isa = PBXFileReference; lastKnownFileType = text.plist.xml; path = Info.plist; sourceTree = "<group>"; };
		397F224819A2B06000BFFEF7 /* AppDelegate.swift */ = {isa = PBXFileReference; lastKnownFileType = sourcecode.swift; path = AppDelegate.swift; sourceTree = "<group>"; };
		397F224A19A2B06000BFFEF7 /* ViewController.swift */ = {isa = PBXFileReference; lastKnownFileType = sourcecode.swift; path = ViewController.swift; sourceTree = "<group>"; };
		397F224D19A2B06000BFFEF7 /* Base */ = {isa = PBXFileReference; lastKnownFileType = file.storyboard; name = Base; path = Base.lproj/Main.storyboard; sourceTree = "<group>"; };
		397F224F19A2B06000BFFEF7 /* Images.xcassets */ = {isa = PBXFileReference; lastKnownFileType = folder.assetcatalog; path = Images.xcassets; sourceTree = "<group>"; };
		397F225519A2B06000BFFEF7 /* calendarTests.xctest */ = {isa = PBXFileReference; explicitFileType = wrapper.cfbundle; includeInIndex = 0; path = calendarTests.xctest; sourceTree = BUILT_PRODUCTS_DIR; };
		397F225A19A2B06000BFFEF7 /* Info.plist */ = {isa = PBXFileReference; lastKnownFileType = text.plist.xml; path = Info.plist; sourceTree = "<group>"; };
		397F225B19A2B06000BFFEF7 /* calendarTests.swift */ = {isa = PBXFileReference; lastKnownFileType = sourcecode.swift; path = calendarTests.swift; sourceTree = "<group>"; };
		397F226619A2B1BC00BFFEF7 /* MonthViewController.swift */ = {isa = PBXFileReference; fileEncoding = 4; lastKnownFileType = sourcecode.swift; path = MonthViewController.swift; sourceTree = "<group>"; };
		397F226819A2B2D500BFFEF7 /* calendarsViewController.swift */ = {isa = PBXFileReference; fileEncoding = 4; lastKnownFileType = sourcecode.swift; path = calendarsViewController.swift; sourceTree = "<group>"; };
		397F226A19A2B58400BFFEF7 /* addEventViewController.swift */ = {isa = PBXFileReference; fileEncoding = 4; lastKnownFileType = sourcecode.swift; path = addEventViewController.swift; sourceTree = "<group>"; };
		397F226C19A2B62900BFFEF7 /* pickDayViewController.swift */ = {isa = PBXFileReference; fileEncoding = 4; lastKnownFileType = sourcecode.swift; path = pickDayViewController.swift; sourceTree = "<group>"; };
		397F226E19A2B69800BFFEF7 /* TimeViewController.swift */ = {isa = PBXFileReference; fileEncoding = 4; lastKnownFileType = sourcecode.swift; path = TimeViewController.swift; sourceTree = "<group>"; };
/* End PBXFileReference section */

/* Begin PBXFrameworksBuildPhase section */
		397F224019A2B06000BFFEF7 /* Frameworks */ = {
			isa = PBXFrameworksBuildPhase;
			buildActionMask = 2147483647;
			files = (
			);
			runOnlyForDeploymentPostprocessing = 0;
		};
		397F225219A2B06000BFFEF7 /* Frameworks */ = {
			isa = PBXFrameworksBuildPhase;
			buildActionMask = 2147483647;
			files = (
			);
			runOnlyForDeploymentPostprocessing = 0;
		};
/* End PBXFrameworksBuildPhase section */

/* Begin PBXGroup section */
		397F223A19A2B06000BFFEF7 = {
			isa = PBXGroup;
			children = (
				397F224519A2B06000BFFEF7 /* calendar */,
				397F225819A2B06000BFFEF7 /* calendarTests */,
				397F224419A2B06000BFFEF7 /* Products */,
			);
			sourceTree = "<group>";
		};
		397F224419A2B06000BFFEF7 /* Products */ = {
			isa = PBXGroup;
			children = (
				397F224319A2B06000BFFEF7 /* calendar.app */,
				397F225519A2B06000BFFEF7 /* calendarTests.xctest */,
			);
			name = Products;
			sourceTree = "<group>";
		};
		397F224519A2B06000BFFEF7 /* calendar */ = {
			isa = PBXGroup;
			children = (
				397F226519A2B1A900BFFEF7 /* View Controller */,
				397F224819A2B06000BFFEF7 /* AppDelegate.swift */,
				397F224A19A2B06000BFFEF7 /* ViewController.swift */,
				397F224C19A2B06000BFFEF7 /* Main.storyboard */,
				397F224F19A2B06000BFFEF7 /* Images.xcassets */,
				397F224619A2B06000BFFEF7 /* Supporting Files */,
			);
			path = calendar;
			sourceTree = "<group>";
		};
		397F224619A2B06000BFFEF7 /* Supporting Files */ = {
			isa = PBXGroup;
			children = (
				397F224719A2B06000BFFEF7 /* Info.plist */,
			);
			name = "Supporting Files";
			sourceTree = "<group>";
		};
		397F225819A2B06000BFFEF7 /* calendarTests */ = {
			isa = PBXGroup;
			children = (
				397F225B19A2B06000BFFEF7 /* calendarTests.swift */,
				397F225919A2B06000BFFEF7 /* Supporting Files */,
			);
			path = calendarTests;
			sourceTree = "<group>";
		};
		397F225919A2B06000BFFEF7 /* Supporting Files */ = {
			isa = PBXGroup;
			children = (
				397F225A19A2B06000BFFEF7 /* Info.plist */,
			);
			name = "Supporting Files";
			sourceTree = "<group>";
		};
		397F226519A2B1A900BFFEF7 /* View Controller */ = {
			isa = PBXGroup;
			children = (
				397F226619A2B1BC00BFFEF7 /* MonthViewController.swift */,
				397F226819A2B2D500BFFEF7 /* calendarsViewController.swift */,
				397F226A19A2B58400BFFEF7 /* addEventViewController.swift */,
				397F226C19A2B62900BFFEF7 /* pickDayViewController.swift */,
				397F226E19A2B69800BFFEF7 /* TimeViewController.swift */,
			);
			name = "View Controller";
			sourceTree = "<group>";
		};
/* End PBXGroup section */

/* Begin PBXNativeTarget section */
		397F224219A2B06000BFFEF7 /* calendar */ = {
			isa = PBXNativeTarget;
			buildConfigurationList = 397F225F19A2B06000BFFEF7 /* Build configuration list for PBXNativeTarget "calendar" */;
			buildPhases = (
				397F223F19A2B06000BFFEF7 /* Sources */,
				397F224019A2B06000BFFEF7 /* Frameworks */,
				397F224119A2B06000BFFEF7 /* Resources */,
			);
			buildRules = (
			);
			dependencies = (
			);
			name = calendar;
			productName = calendar;
			productReference = 397F224319A2B06000BFFEF7 /* calendar.app */;
			productType = "com.apple.product-type.application";
		};
		397F225419A2B06000BFFEF7 /* calendarTests */ = {
			isa = PBXNativeTarget;
			buildConfigurationList = 397F226219A2B06000BFFEF7 /* Build configuration list for PBXNativeTarget "calendarTests" */;
			buildPhases = (
				397F225119A2B06000BFFEF7 /* Sources */,
				397F225219A2B06000BFFEF7 /* Frameworks */,
				397F225319A2B06000BFFEF7 /* Resources */,
			);
			buildRules = (
			);
			dependencies = (
				397F225719A2B06000BFFEF7 /* PBXTargetDependency */,
			);
			name = calendarTests;
			productName = calendarTests;
			productReference = 397F225519A2B06000BFFEF7 /* calendarTests.xctest */;
			productType = "com.apple.product-type.bundle.unit-test";
		};
/* End PBXNativeTarget section */

/* Begin PBXProject section */
		397F223B19A2B06000BFFEF7 /* Project object */ = {
			isa = PBXProject;
			attributes = {
				LastUpgradeCheck = 0600;
				ORGANIZATIONNAME = codepath;
				TargetAttributes = {
					397F224219A2B06000BFFEF7 = {
						CreatedOnToolsVersion = 6.0;
						DevelopmentTeam = 6D4XFRR9G2;
					};
					397F225419A2B06000BFFEF7 = {
						CreatedOnToolsVersion = 6.0;
						TestTargetID = 397F224219A2B06000BFFEF7;
					};
				};
			};
			buildConfigurationList = 397F223E19A2B06000BFFEF7 /* Build configuration list for PBXProject "calendar" */;
			compatibilityVersion = "Xcode 3.2";
			developmentRegion = English;
			hasScannedForEncodings = 0;
			knownRegions = (
				en,
				Base,
			);
			mainGroup = 397F223A19A2B06000BFFEF7;
			productRefGroup = 397F224419A2B06000BFFEF7 /* Products */;
			projectDirPath = "";
			projectRoot = "";
			targets = (
				397F224219A2B06000BFFEF7 /* calendar */,
				397F225419A2B06000BFFEF7 /* calendarTests */,
			);
		};
/* End PBXProject section */

/* Begin PBXResourcesBuildPhase section */
		397F224119A2B06000BFFEF7 /* Resources */ = {
			isa = PBXResourcesBuildPhase;
			buildActionMask = 2147483647;
			files = (
				397F224E19A2B06000BFFEF7 /* Main.storyboard in Resources */,
				397F225019A2B06000BFFEF7 /* Images.xcassets in Resources */,
			);
			runOnlyForDeploymentPostprocessing = 0;
		};
		397F225319A2B06000BFFEF7 /* Resources */ = {
			isa = PBXResourcesBuildPhase;
			buildActionMask = 2147483647;
			files = (
			);
			runOnlyForDeploymentPostprocessing = 0;
		};
/* End PBXResourcesBuildPhase section */

/* Begin PBXSourcesBuildPhase section */
		397F223F19A2B06000BFFEF7 /* Sources */ = {
			isa = PBXSourcesBuildPhase;
			buildActionMask = 2147483647;
			files = (
				397F226D19A2B62900BFFEF7 /* pickDayViewController.swift in Sources */,
				397F226919A2B2D500BFFEF7 /* calendarsViewController.swift in Sources */,
				397F224B19A2B06000BFFEF7 /* ViewController.swift in Sources */,
				397F224919A2B06000BFFEF7 /* AppDelegate.swift in Sources */,
				397F226F19A2B69800BFFEF7 /* TimeViewController.swift in Sources */,
				397F226719A2B1BC00BFFEF7 /* MonthViewController.swift in Sources */,
				397F226B19A2B58400BFFEF7 /* addEventViewController.swift in Sources */,
			);
			runOnlyForDeploymentPostprocessing = 0;
		};
		397F225119A2B06000BFFEF7 /* Sources */ = {
			isa = PBXSourcesBuildPhase;
			buildActionMask = 2147483647;
			files = (
				397F225C19A2B06000BFFEF7 /* calendarTests.swift in Sources */,
			);
			runOnlyForDeploymentPostprocessing = 0;
		};
/* End PBXSourcesBuildPhase section */

/* Begin PBXTargetDependency section */
		397F225719A2B06000BFFEF7 /* PBXTargetDependency */ = {
			isa = PBXTargetDependency;
			target = 397F224219A2B06000BFFEF7 /* calendar */;
			targetProxy = 397F225619A2B06000BFFEF7 /* PBXContainerItemProxy */;
		};
/* End PBXTargetDependency section */

/* Begin PBXVariantGroup section */
		397F224C19A2B06000BFFEF7 /* Main.storyboard */ = {
			isa = PBXVariantGroup;
			children = (
				397F224D19A2B06000BFFEF7 /* Base */,
			);
			name = Main.storyboard;
			sourceTree = "<group>";
		};
/* End PBXVariantGroup section */

/* Begin XCBuildConfiguration section */
		397F225D19A2B06000BFFEF7 /* Debug */ = {
			isa = XCBuildConfiguration;
			buildSettings = {
				ALWAYS_SEARCH_USER_PATHS = NO;
				CLANG_CXX_LANGUAGE_STANDARD = "gnu++0x";
				CLANG_CXX_LIBRARY = "libc++";
				CLANG_ENABLE_MODULES = YES;
				CLANG_ENABLE_OBJC_ARC = YES;
				CLANG_WARN_BOOL_CONVERSION = YES;
				CLANG_WARN_CONSTANT_CONVERSION = YES;
				CLANG_WARN_DIRECT_OBJC_ISA_USAGE = YES_ERROR;
				CLANG_WARN_EMPTY_BODY = YES;
				CLANG_WARN_ENUM_CONVERSION = YES;
				CLANG_WARN_INT_CONVERSION = YES;
				CLANG_WARN_OBJC_ROOT_CLASS = YES_ERROR;
				CLANG_WARN_UNREACHABLE_CODE = YES;
				CLANG_WARN__DUPLICATE_METHOD_MATCH = YES;
				"CODE_SIGN_IDENTITY[sdk=iphoneos*]" = "iPhone Developer";
				COPY_PHASE_STRIP = NO;
				ENABLE_STRICT_OBJC_MSGSEND = YES;
				GCC_C_LANGUAGE_STANDARD = gnu99;
				GCC_DYNAMIC_NO_PIC = NO;
				GCC_OPTIMIZATION_LEVEL = 0;
				GCC_PREPROCESSOR_DEFINITIONS = (
					"DEBUG=1",
					"$(inherited)",
				);
				GCC_SYMBOLS_PRIVATE_EXTERN = NO;
				GCC_WARN_64_TO_32_BIT_CONVERSION = YES;
				GCC_WARN_ABOUT_RETURN_TYPE = YES_ERROR;
				GCC_WARN_UNDECLARED_SELECTOR = YES;
				GCC_WARN_UNINITIALIZED_AUTOS = YES_AGGRESSIVE;
				GCC_WARN_UNUSED_FUNCTION = YES;
				GCC_WARN_UNUSED_VARIABLE = YES;
				IPHONEOS_DEPLOYMENT_TARGET = 8.0;
				MTL_ENABLE_DEBUG_INFO = YES;
				ONLY_ACTIVE_ARCH = YES;
				SDKROOT = iphoneos;
				SWIFT_OPTIMIZATION_LEVEL = "-Onone";
			};
			name = Debug;
		};
		397F225E19A2B06000BFFEF7 /* Release */ = {
			isa = XCBuildConfiguration;
			buildSettings = {
				ALWAYS_SEARCH_USER_PATHS = NO;
				CLANG_CXX_LANGUAGE_STANDARD = "gnu++0x";
				CLANG_CXX_LIBRARY = "libc++";
				CLANG_ENABLE_MODULES = YES;
				CLANG_ENABLE_OBJC_ARC = YES;
				CLANG_WARN_BOOL_CONVERSION = YES;
				CLANG_WARN_CONSTANT_CONVERSION = YES;
				CLANG_WARN_DIRECT_OBJC_ISA_USAGE = YES_ERROR;
				CLANG_WARN_EMPTY_BODY = YES;
				CLANG_WARN_ENUM_CONVERSION = YES;
				CLANG_WARN_INT_CONVERSION = YES;
				CLANG_WARN_OBJC_ROOT_CLASS = YES_ERROR;
				CLANG_WARN_UNREACHABLE_CODE = YES;
				CLANG_WARN__DUPLICATE_METHOD_MATCH = YES;
				"CODE_SIGN_IDENTITY[sdk=iphoneos*]" = "iPhone Developer";
				COPY_PHASE_STRIP = YES;
				ENABLE_NS_ASSERTIONS = NO;
				ENABLE_STRICT_OBJC_MSGSEND = YES;
				GCC_C_LANGUAGE_STANDARD = gnu99;
				GCC_WARN_64_TO_32_BIT_CONVERSION = YES;
				GCC_WARN_ABOUT_RETURN_TYPE = YES_ERROR;
				GCC_WARN_UNDECLARED_SELECTOR = YES;
				GCC_WARN_UNINITIALIZED_AUTOS = YES_AGGRESSIVE;
				GCC_WARN_UNUSED_FUNCTION = YES;
				GCC_WARN_UNUSED_VARIABLE = YES;
				IPHONEOS_DEPLOYMENT_TARGET = 8.0;
				MTL_ENABLE_DEBUG_INFO = NO;
				SDKROOT = iphoneos;
				VALIDATE_PRODUCT = YES;
			};
			name = Release;
		};
		397F226019A2B06000BFFEF7 /* Debug */ = {
			isa = XCBuildConfiguration;
			buildSettings = {
				ASSETCATALOG_COMPILER_APPICON_NAME = AppIcon;
				ASSETCATALOG_COMPILER_LAUNCHIMAGE_NAME = LaunchImage;
				CODE_SIGN_IDENTITY = "iPhone Developer";
				INFOPLIST_FILE = "$(SRCROOT)/Info.plist";
				IPHONEOS_DEPLOYMENT_TARGET = 7.1;
				LD_RUNPATH_SEARCH_PATHS = "$(inherited) @executable_path/Frameworks";
				PRODUCT_NAME = "$(TARGET_NAME)";
			};
			name = Debug;
		};
		397F226119A2B06000BFFEF7 /* Release */ = {
			isa = XCBuildConfiguration;
			buildSettings = {
				ASSETCATALOG_COMPILER_APPICON_NAME = AppIcon;
				ASSETCATALOG_COMPILER_LAUNCHIMAGE_NAME = LaunchImage;
				CODE_SIGN_IDENTITY = "iPhone Developer";
				INFOPLIST_FILE = "$(SRCROOT)/Info.plist";
				IPHONEOS_DEPLOYMENT_TARGET = 7.1;
				LD_RUNPATH_SEARCH_PATHS = "$(inherited) @executable_path/Frameworks";
				PRODUCT_NAME = "$(TARGET_NAME)";
			};
			name = Release;
		};
		397F226319A2B06000BFFEF7 /* Debug */ = {
			isa = XCBuildConfiguration;
			buildSettings = {
				BUNDLE_LOADER = "$(TEST_HOST)";
				FRAMEWORK_SEARCH_PATHS = (
					"$(SDKROOT)/Developer/Library/Frameworks",
					"$(inherited)",
				);
				GCC_PREPROCESSOR_DEFINITIONS = (
					"DEBUG=1",
					"$(inherited)",
				);
				INFOPLIST_FILE = calendarTests/Info.plist;
				LD_RUNPATH_SEARCH_PATHS = "$(inherited) @executable_path/Frameworks @loader_path/Frameworks";
				PRODUCT_NAME = "$(TARGET_NAME)";
				TEST_HOST = "$(BUILT_PRODUCTS_DIR)/calendar.app/calendar";
			};
			name = Debug;
		};
		397F226419A2B06000BFFEF7 /* Release */ = {
			isa = XCBuildConfiguration;
			buildSettings = {
				BUNDLE_LOADER = "$(TEST_HOST)";
				FRAMEWORK_SEARCH_PATHS = (
					"$(SDKROOT)/Developer/Library/Frameworks",
					"$(inherited)",
				);
				INFOPLIST_FILE = calendarTests/Info.plist;
				LD_RUNPATH_SEARCH_PATHS = "$(inherited) @executable_path/Frameworks @loader_path/Frameworks";
				PRODUCT_NAME = "$(TARGET_NAME)";
				TEST_HOST = "$(BUILT_PRODUCTS_DIR)/calendar.app/calendar";
			};
			name = Release;
		};
/* End XCBuildConfiguration section */

/* Begin XCConfigurationList section */
		397F223E19A2B06000BFFEF7 /* Build configuration list for PBXProject "calendar" */ = {
			isa = XCConfigurationList;
			buildConfigurations = (
				397F225D19A2B06000BFFEF7 /* Debug */,
				397F225E19A2B06000BFFEF7 /* Release */,
			);
			defaultConfigurationIsVisible = 0;
			defaultConfigurationName = Release;
		};
		397F225F19A2B06000BFFEF7 /* Build configuration list for PBXNativeTarget "calendar" */ = {
			isa = XCConfigurationList;
			buildConfigurations = (
				397F226019A2B06000BFFEF7 /* Debug */,
				397F226119A2B06000BFFEF7 /* Release */,
			);
			defaultConfigurationIsVisible = 0;
			defaultConfigurationName = Release;
		};
		397F226219A2B06000BFFEF7 /* Build configuration list for PBXNativeTarget "calendarTests" */ = {
			isa = XCConfigurationList;
			buildConfigurations = (
				397F226319A2B06000BFFEF7 /* Debug */,
				397F226419A2B06000BFFEF7 /* Release */,
			);
			defaultConfigurationIsVisible = 0;
			defaultConfigurationName = Release;
		};
/* End XCConfigurationList section */
	};
	rootObject = 397F223B19A2B06000BFFEF7 /* Project object */;
}
